
Microsoft Visual Studio Solution File, Format Version 12.00
# Visual Studio 14
VisualStudioVersion = 14.0.25420.1
MinimumVisualStudioVersion = 10.0.40219.1
Project("{8BC9CEB8-8B4A-11D0-8D11-00A0C91BC942}") = "PipeHelper", "PipeHelper\PipeHelper.vcxproj", "{D38D6A91-4B41-49FD-9466-24E2363A4F50}"
EndProject
Project("{8BC9CEB8-8B4A-11D0-8D11-00A0C91BC942}") = "ChildProgram", "ChildProgram\ChildProgram.vcxproj", "{5BF13F41-77D6-44DC-A596-F6647E8BA62E}"
EndProject
Project("{8BC9CEB8-8B4A-11D0-8D11-00A0C91BC942}") = "ParentProgram", "ParentProgram\ParentProgram.vcxproj", "{C39C4405-2485-469F-A0CB-EEF0A34F14EC}"
EndProject
Global
	GlobalSection(SolutionConfigurationPlatforms) = preSolution
		Debug|x64 = Debug|x64
		Debug|x86 = Debug|x86
		Release|x64 = Release|x64
		Release|x86 = Release|x86
	EndGlobalSection
	GlobalSection(ProjectConfigurationPlatforms) = postSolution
		{D38D6A91-4B41-49FD-9466-24E2363A4F50}.Debug|x64.ActiveCfg = Debug|x64
		{D38D6A91-4B41-49FD-9466-24E2363A4F50}.Debug|x64.Build.0 = Debug|x64
		{D38D6A91-4B41-49FD-9466-24E2363A4F50}.Debug|x86.ActiveCfg = Debug|Win32
		{D38D6A91-4B41-49FD-9466-24E2363A4F50}.Debug|x86.Build.0 = Debug|Win32
		{D38D6A91-4B41-49FD-9466-24E2363A4F50}.Release|x64.ActiveCfg = Release|x64
		{D38D6A91-4B41-49FD-9466-24E2363A4F50}.Release|x64.Build.0 = Release|x64
		{D38D6A91-4B41-49FD-9466-24E2363A4F50}.Release|x86.ActiveCfg = Release|Win32
		{D38D6A91-4B41-49FD-9466-24E2363A4F50}.Release|x86.Build.0 = Release|Win32
		{5BF13F41-77D6-44DC-A596-F6647E8BA62E}.Debug|x64.ActiveCfg = Debug|x64
		{5BF13F41-77D6-44DC-A596-F6647E8BA62E}.Debug|x64.Build.0 = Debug|x64
		{5BF13F41-77D6-44DC-A596-F6647E8BA62E}.Debug|x86.ActiveCfg = Debug|Win32
		{5BF13F41-77D6-44DC-A596-F6647E8BA62E}.Debug|x86.Build.0 = Debug|Win32
		{5BF13F41-77D6-44DC-A596-F6647E8BA62E}.Release|x64.ActiveCfg = Release|x64
		{5BF13F41-77D6-44DC-A596-F6647E8BA62E}.Release|x64.Build.0 = Release|x64
		{5BF13F41-77D6-44DC-A596-F6647E8BA62E}.Release|x86.ActiveCfg = Release|Win32
		{5BF13F41-77D6-44DC-A596-F6647E8BA62E}.Release|x86.Build.0 = Release|Win32
		{C39C4405-2485-469F-A0CB-EEF0A34F14EC}.Debug|x64.ActiveCfg = Debug|x64
		{C39C4405-2485-469F-A0CB-EEF0A34F14EC}.Debug|x64.Build.0 = Debug|x64
		{C39C4405-2485-469F-A0CB-EEF0A34F14EC}.Debug|x86.ActiveCfg = Debug|Win32
		{C39C4405-2485-469F-A0CB-EEF0A34F14EC}.Debug|x86.Build.0 = Debug|Win32
		{C39C4405-2485-469F-A0CB-EEF0A34F14EC}.Release|x64.ActiveCfg = Release|x64
		{C39C4405-2485-469F-A0CB-EEF0A34F14EC}.Release|x64.Build.0 = Release|x64
		{C39C4405-2485-469F-A0CB-EEF0A34F14EC}.Release|x86.ActiveCfg = Release|Win32
		{C39C4405-2485-469F-A0CB-EEF0A34F14EC}.Release|x86.Build.0 = Release|Win32
	EndGlobalSection
	GlobalSection(SolutionProperties) = preSolution
		HideSolutionNode = FALSE
	EndGlobalSection
EndGlobal
